// !$*UTF8*$!
{
	archiveVersion = 1;
	classes = {
	};
	objectVersion = 51;
	objects = {

/* Begin PBXBuildFile section */
		16F32389D387041C51DBE794 /* Pods_GypChatTests.framework in Frameworks */ = {isa = PBXBuildFile; fileRef = A4F379F24FFFAC75C1C950E6 /* Pods_GypChatTests.framework */; };
		A68671462608D98A00CF31D1 /* GypChatApp.swift in Sources */ = {isa = PBXBuildFile; fileRef = A68671452608D98A00CF31D1 /* GypChatApp.swift */; };
		A68671482608D98A00CF31D1 /* ContentView.swift in Sources */ = {isa = PBXBuildFile; fileRef = A68671472608D98A00CF31D1 /* ContentView.swift */; };
		A686714A2608D99100CF31D1 /* Assets.xcassets in Resources */ = {isa = PBXBuildFile; fileRef = A68671492608D99100CF31D1 /* Assets.xcassets */; };
		A686714D2608D99100CF31D1 /* Preview Assets.xcassets in Resources */ = {isa = PBXBuildFile; fileRef = A686714C2608D99100CF31D1 /* Preview Assets.xcassets */; };
		A68671632608D99200CF31D1 /* GypChatUITests.swift in Sources */ = {isa = PBXBuildFile; fileRef = A68671622608D99200CF31D1 /* GypChatUITests.swift */; };
		A68671742608DA0300CF31D1 /* GoogleService-Info.plist in Resources */ = {isa = PBXBuildFile; fileRef = A68671732608DA0300CF31D1 /* GoogleService-Info.plist */; };
		A68671962608DCA400CF31D1 /* AppDelegate.swift in Sources */ = {isa = PBXBuildFile; fileRef = A68671952608DCA400CF31D1 /* AppDelegate.swift */; };
		A686725A2609AA7100CF31D1 /* LoginRegisterViewModel.swift in Sources */ = {isa = PBXBuildFile; fileRef = A68672592609AA7100CF31D1 /* LoginRegisterViewModel.swift */; };
		A68672642609BC3300CF31D1 /* LoginRegisterViewModelTests.swift in Sources */ = {isa = PBXBuildFile; fileRef = A68672632609BC3300CF31D1 /* LoginRegisterViewModelTests.swift */; };
		A6E1288F260A316F00B26760 /* ViewModelMockable.swift in Sources */ = {isa = PBXBuildFile; fileRef = A6E1288E260A316F00B26760 /* ViewModelMockable.swift */; };
		A6E12898260A31FF00B26760 /* LoginRegisterView.swift in Sources */ = {isa = PBXBuildFile; fileRef = A6E12897260A31FF00B26760 /* LoginRegisterView.swift */; };
		A6E128BE260AF50F00B26760 /* MainProfileViewModel.swift in Sources */ = {isa = PBXBuildFile; fileRef = A6E128BD260AF50F00B26760 /* MainProfileViewModel.swift */; };
		A6E128C3260B006200B26760 /* MainProfileViewModelTests.swift in Sources */ = {isa = PBXBuildFile; fileRef = A6E128C2260B006200B26760 /* MainProfileViewModelTests.swift */; };
		A6E128C8260B16CA00B26760 /* MainProfileView.swift in Sources */ = {isa = PBXBuildFile; fileRef = A6E128C7260B16C900B26760 /* MainProfileView.swift */; };
		B006DA166FE874F80E2EC988 /* Pods_GypChat_GypChatUITests.framework in Frameworks */ = {isa = PBXBuildFile; fileRef = AE18949C6BA606A0F5CE36BB /* Pods_GypChat_GypChatUITests.framework */; };
		E81A3C880E22D4AE7E9C1A30 /* Pods_GypChat.framework in Frameworks */ = {isa = PBXBuildFile; fileRef = AA7B5F4C155FE121C504B2FF /* Pods_GypChat.framework */; };
/* End PBXBuildFile section */

/* Begin PBXContainerItemProxy section */
		A68671542608D99100CF31D1 /* PBXContainerItemProxy */ = {
			isa = PBXContainerItemProxy;
			containerPortal = A686713A2608D98900CF31D1 /* Project object */;
			proxyType = 1;
			remoteGlobalIDString = A68671412608D98A00CF31D1;
			remoteInfo = GypChat;
		};
		A686715F2608D99200CF31D1 /* PBXContainerItemProxy */ = {
			isa = PBXContainerItemProxy;
			containerPortal = A686713A2608D98900CF31D1 /* Project object */;
			proxyType = 1;
			remoteGlobalIDString = A68671412608D98A00CF31D1;
			remoteInfo = GypChat;
		};
/* End PBXContainerItemProxy section */

/* Begin PBXFileReference section */
		253300867BC80B7A5FB9EC5C /* Pods-GypChat.release.xcconfig */ = {isa = PBXFileReference; includeInIndex = 1; lastKnownFileType = text.xcconfig; name = "Pods-GypChat.release.xcconfig"; path = "Target Support Files/Pods-GypChat/Pods-GypChat.release.xcconfig"; sourceTree = "<group>"; };
		5C718A0F1B5E4DD558FFA4FD /* Pods-GypChat-GypChatUITests.release.xcconfig */ = {isa = PBXFileReference; includeInIndex = 1; lastKnownFileType = text.xcconfig; name = "Pods-GypChat-GypChatUITests.release.xcconfig"; path = "Target Support Files/Pods-GypChat-GypChatUITests/Pods-GypChat-GypChatUITests.release.xcconfig"; sourceTree = "<group>"; };
		9184F91A2F2B3D3B94B0A014 /* Pods-GypChatTests.release.xcconfig */ = {isa = PBXFileReference; includeInIndex = 1; lastKnownFileType = text.xcconfig; name = "Pods-GypChatTests.release.xcconfig"; path = "Target Support Files/Pods-GypChatTests/Pods-GypChatTests.release.xcconfig"; sourceTree = "<group>"; };
		9CC4713F606DDA9D8849CE4A /* Pods-GypChatTests.debug.xcconfig */ = {isa = PBXFileReference; includeInIndex = 1; lastKnownFileType = text.xcconfig; name = "Pods-GypChatTests.debug.xcconfig"; path = "Target Support Files/Pods-GypChatTests/Pods-GypChatTests.debug.xcconfig"; sourceTree = "<group>"; };
		A4F379F24FFFAC75C1C950E6 /* Pods_GypChatTests.framework */ = {isa = PBXFileReference; explicitFileType = wrapper.framework; includeInIndex = 0; path = Pods_GypChatTests.framework; sourceTree = BUILT_PRODUCTS_DIR; };
		A68671422608D98A00CF31D1 /* GypChat.app */ = {isa = PBXFileReference; explicitFileType = wrapper.application; includeInIndex = 0; path = GypChat.app; sourceTree = BUILT_PRODUCTS_DIR; };
		A68671452608D98A00CF31D1 /* GypChatApp.swift */ = {isa = PBXFileReference; lastKnownFileType = sourcecode.swift; path = GypChatApp.swift; sourceTree = "<group>"; };
		A68671472608D98A00CF31D1 /* ContentView.swift */ = {isa = PBXFileReference; lastKnownFileType = sourcecode.swift; path = ContentView.swift; sourceTree = "<group>"; };
		A68671492608D99100CF31D1 /* Assets.xcassets */ = {isa = PBXFileReference; lastKnownFileType = folder.assetcatalog; path = Assets.xcassets; sourceTree = "<group>"; };
		A686714C2608D99100CF31D1 /* Preview Assets.xcassets */ = {isa = PBXFileReference; lastKnownFileType = folder.assetcatalog; path = "Preview Assets.xcassets"; sourceTree = "<group>"; };
		A686714E2608D99100CF31D1 /* Info.plist */ = {isa = PBXFileReference; lastKnownFileType = text.plist.xml; path = Info.plist; sourceTree = "<group>"; };
		A68671532608D99100CF31D1 /* GypChatTests.xctest */ = {isa = PBXFileReference; explicitFileType = wrapper.cfbundle; includeInIndex = 0; path = GypChatTests.xctest; sourceTree = BUILT_PRODUCTS_DIR; };
		A68671592608D99100CF31D1 /* Info.plist */ = {isa = PBXFileReference; lastKnownFileType = text.plist.xml; path = Info.plist; sourceTree = "<group>"; };
		A686715E2608D99200CF31D1 /* GypChatUITests.xctest */ = {isa = PBXFileReference; explicitFileType = wrapper.cfbundle; includeInIndex = 0; path = GypChatUITests.xctest; sourceTree = BUILT_PRODUCTS_DIR; };
		A68671622608D99200CF31D1 /* GypChatUITests.swift */ = {isa = PBXFileReference; lastKnownFileType = sourcecode.swift; path = GypChatUITests.swift; sourceTree = "<group>"; };
		A68671642608D99200CF31D1 /* Info.plist */ = {isa = PBXFileReference; lastKnownFileType = text.plist.xml; path = Info.plist; sourceTree = "<group>"; };
		A68671732608DA0300CF31D1 /* GoogleService-Info.plist */ = {isa = PBXFileReference; fileEncoding = 4; lastKnownFileType = text.plist.xml; path = "GoogleService-Info.plist"; sourceTree = "<group>"; };
		A68671952608DCA400CF31D1 /* AppDelegate.swift */ = {isa = PBXFileReference; lastKnownFileType = sourcecode.swift; path = AppDelegate.swift; sourceTree = "<group>"; };
		A68672592609AA7100CF31D1 /* LoginRegisterViewModel.swift */ = {isa = PBXFileReference; lastKnownFileType = sourcecode.swift; path = LoginRegisterViewModel.swift; sourceTree = "<group>"; };
		A68672632609BC3300CF31D1 /* LoginRegisterViewModelTests.swift */ = {isa = PBXFileReference; lastKnownFileType = sourcecode.swift; path = LoginRegisterViewModelTests.swift; sourceTree = "<group>"; };
		A6E1288E260A316F00B26760 /* ViewModelMockable.swift */ = {isa = PBXFileReference; lastKnownFileType = sourcecode.swift; path = ViewModelMockable.swift; sourceTree = "<group>"; };
		A6E12897260A31FF00B26760 /* LoginRegisterView.swift */ = {isa = PBXFileReference; lastKnownFileType = sourcecode.swift; path = LoginRegisterView.swift; sourceTree = "<group>"; };
		A6E128BD260AF50F00B26760 /* MainProfileViewModel.swift */ = {isa = PBXFileReference; lastKnownFileType = sourcecode.swift; path = MainProfileViewModel.swift; sourceTree = "<group>"; };
		A6E128C2260B006200B26760 /* MainProfileViewModelTests.swift */ = {isa = PBXFileReference; lastKnownFileType = sourcecode.swift; path = MainProfileViewModelTests.swift; sourceTree = "<group>"; };
		A6E128C7260B16C900B26760 /* MainProfileView.swift */ = {isa = PBXFileReference; lastKnownFileType = sourcecode.swift; path = MainProfileView.swift; sourceTree = "<group>"; };
		AA7B5F4C155FE121C504B2FF /* Pods_GypChat.framework */ = {isa = PBXFileReference; explicitFileType = wrapper.framework; includeInIndex = 0; path = Pods_GypChat.framework; sourceTree = BUILT_PRODUCTS_DIR; };
		AE18949C6BA606A0F5CE36BB /* Pods_GypChat_GypChatUITests.framework */ = {isa = PBXFileReference; explicitFileType = wrapper.framework; includeInIndex = 0; path = Pods_GypChat_GypChatUITests.framework; sourceTree = BUILT_PRODUCTS_DIR; };
		D89752DC5453C0D3C5D274B8 /* Pods-GypChat.debug.xcconfig */ = {isa = PBXFileReference; includeInIndex = 1; lastKnownFileType = text.xcconfig; name = "Pods-GypChat.debug.xcconfig"; path = "Target Support Files/Pods-GypChat/Pods-GypChat.debug.xcconfig"; sourceTree = "<group>"; };
		F06719A7EFF5044AF084ADBD /* Pods-GypChat-GypChatUITests.debug.xcconfig */ = {isa = PBXFileReference; includeInIndex = 1; lastKnownFileType = text.xcconfig; name = "Pods-GypChat-GypChatUITests.debug.xcconfig"; path = "Target Support Files/Pods-GypChat-GypChatUITests/Pods-GypChat-GypChatUITests.debug.xcconfig"; sourceTree = "<group>"; };
/* End PBXFileReference section */

/* Begin PBXFrameworksBuildPhase section */
		A686713F2608D98A00CF31D1 /* Frameworks */ = {
			isa = PBXFrameworksBuildPhase;
			buildActionMask = 2147483647;
			files = (
				E81A3C880E22D4AE7E9C1A30 /* Pods_GypChat.framework in Frameworks */,
			);
			runOnlyForDeploymentPostprocessing = 0;
		};
		A68671502608D99100CF31D1 /* Frameworks */ = {
			isa = PBXFrameworksBuildPhase;
			buildActionMask = 2147483647;
			files = (
				16F32389D387041C51DBE794 /* Pods_GypChatTests.framework in Frameworks */,
			);
			runOnlyForDeploymentPostprocessing = 0;
		};
		A686715B2608D99200CF31D1 /* Frameworks */ = {
			isa = PBXFrameworksBuildPhase;
			buildActionMask = 2147483647;
			files = (
				B006DA166FE874F80E2EC988 /* Pods_GypChat_GypChatUITests.framework in Frameworks */,
			);
			runOnlyForDeploymentPostprocessing = 0;
		};
/* End PBXFrameworksBuildPhase section */

/* Begin PBXGroup section */
		6566EBDE46ACC7915A71CF79 /* Frameworks */ = {
			isa = PBXGroup;
			children = (
				AA7B5F4C155FE121C504B2FF /* Pods_GypChat.framework */,
				AE18949C6BA606A0F5CE36BB /* Pods_GypChat_GypChatUITests.framework */,
				A4F379F24FFFAC75C1C950E6 /* Pods_GypChatTests.framework */,
			);
			name = Frameworks;
			sourceTree = "<group>";
		};
		A68671392608D98900CF31D1 = {
			isa = PBXGroup;
			children = (
				A68671442608D98A00CF31D1 /* GypChat */,
				A68671562608D99100CF31D1 /* GypChatTests */,
				A68671612608D99200CF31D1 /* GypChatUITests */,
				A68671432608D98A00CF31D1 /* Products */,
				E77B07C8396C605E5145D67C /* Pods */,
				6566EBDE46ACC7915A71CF79 /* Frameworks */,
			);
			sourceTree = "<group>";
		};
		A68671432608D98A00CF31D1 /* Products */ = {
			isa = PBXGroup;
			children = (
				A68671422608D98A00CF31D1 /* GypChat.app */,
				A68671532608D99100CF31D1 /* GypChatTests.xctest */,
				A686715E2608D99200CF31D1 /* GypChatUITests.xctest */,
			);
			name = Products;
			sourceTree = "<group>";
		};
		A68671442608D98A00CF31D1 /* GypChat */ = {
			isa = PBXGroup;
			children = (
				A6E12893260A31AC00B26760 /* Views */,
				A68672342609A73A00CF31D1 /* ViewModels */,
				A68671452608D98A00CF31D1 /* GypChatApp.swift */,
				A68671472608D98A00CF31D1 /* ContentView.swift */,
				A68671492608D99100CF31D1 /* Assets.xcassets */,
				A686714E2608D99100CF31D1 /* Info.plist */,
				A68671732608DA0300CF31D1 /* GoogleService-Info.plist */,
				A686714B2608D99100CF31D1 /* Preview Content */,
				A68671952608DCA400CF31D1 /* AppDelegate.swift */,
			);
			path = GypChat;
			sourceTree = "<group>";
		};
		A686714B2608D99100CF31D1 /* Preview Content */ = {
			isa = PBXGroup;
			children = (
				A686714C2608D99100CF31D1 /* Preview Assets.xcassets */,
			);
			path = "Preview Content";
			sourceTree = "<group>";
		};
		A68671562608D99100CF31D1 /* GypChatTests */ = {
			isa = PBXGroup;
			children = (
				A68672612609BBEA00CF31D1 /* ViewModels */,
				A68671592608D99100CF31D1 /* Info.plist */,
			);
			path = GypChatTests;
			sourceTree = "<group>";
		};
		A68671612608D99200CF31D1 /* GypChatUITests */ = {
			isa = PBXGroup;
			children = (
				A68671622608D99200CF31D1 /* GypChatUITests.swift */,
				A68671642608D99200CF31D1 /* Info.plist */,
			);
			path = GypChatUITests;
			sourceTree = "<group>";
		};
		A68672342609A73A00CF31D1 /* ViewModels */ = {
			isa = PBXGroup;
			children = (
				A68672592609AA7100CF31D1 /* LoginRegisterViewModel.swift */,
				A6E1288E260A316F00B26760 /* ViewModelMockable.swift */,
				A6E128BD260AF50F00B26760 /* MainProfileViewModel.swift */,
			);
			path = ViewModels;
			sourceTree = "<group>";
		};
		A68672612609BBEA00CF31D1 /* ViewModels */ = {
			isa = PBXGroup;
			children = (
				A68672632609BC3300CF31D1 /* LoginRegisterViewModelTests.swift */,
				A6E128C2260B006200B26760 /* MainProfileViewModelTests.swift */,
			);
			path = ViewModels;
			sourceTree = "<group>";
		};
		A6E12893260A31AC00B26760 /* Views */ = {
			isa = PBXGroup;
			children = (
				A6E12897260A31FF00B26760 /* LoginRegisterView.swift */,
				A6E128C7260B16C900B26760 /* MainProfileView.swift */,
			);
			path = Views;
			sourceTree = "<group>";
		};
		E77B07C8396C605E5145D67C /* Pods */ = {
			isa = PBXGroup;
			children = (
				D89752DC5453C0D3C5D274B8 /* Pods-GypChat.debug.xcconfig */,
				253300867BC80B7A5FB9EC5C /* Pods-GypChat.release.xcconfig */,
				F06719A7EFF5044AF084ADBD /* Pods-GypChat-GypChatUITests.debug.xcconfig */,
				5C718A0F1B5E4DD558FFA4FD /* Pods-GypChat-GypChatUITests.release.xcconfig */,
				9CC4713F606DDA9D8849CE4A /* Pods-GypChatTests.debug.xcconfig */,
				9184F91A2F2B3D3B94B0A014 /* Pods-GypChatTests.release.xcconfig */,
			);
			path = Pods;
			sourceTree = "<group>";
		};
/* End PBXGroup section */

/* Begin PBXNativeTarget section */
		A68671412608D98A00CF31D1 /* GypChat */ = {
			isa = PBXNativeTarget;
			buildConfigurationList = A68671672608D99200CF31D1 /* Build configuration list for PBXNativeTarget "GypChat" */;
			buildPhases = (
				686D0F9782A27CF2F63BC980 /* [CP] Check Pods Manifest.lock */,
				A686713E2608D98A00CF31D1 /* Sources */,
				A686713F2608D98A00CF31D1 /* Frameworks */,
				A68671402608D98A00CF31D1 /* Resources */,
				79CA0C859887F24638046372 /* [CP] Embed Pods Frameworks */,
			);
			buildRules = (
			);
			dependencies = (
			);
			name = GypChat;
			productName = GypChat;
			productReference = A68671422608D98A00CF31D1 /* GypChat.app */;
			productType = "com.apple.product-type.application";
		};
		A68671522608D99100CF31D1 /* GypChatTests */ = {
			isa = PBXNativeTarget;
			buildConfigurationList = A686716A2608D99200CF31D1 /* Build configuration list for PBXNativeTarget "GypChatTests" */;
			buildPhases = (
				E5E5B66B56629B2E350564C5 /* [CP] Check Pods Manifest.lock */,
				A686714F2608D99100CF31D1 /* Sources */,
				A68671502608D99100CF31D1 /* Frameworks */,
				A68671512608D99100CF31D1 /* Resources */,
			);
			buildRules = (
			);
			dependencies = (
				A68671552608D99100CF31D1 /* PBXTargetDependency */,
			);
			name = GypChatTests;
			productName = GypChatTests;
			productReference = A68671532608D99100CF31D1 /* GypChatTests.xctest */;
			productType = "com.apple.product-type.bundle.unit-test";
		};
		A686715D2608D99200CF31D1 /* GypChatUITests */ = {
			isa = PBXNativeTarget;
			buildConfigurationList = A686716D2608D99200CF31D1 /* Build configuration list for PBXNativeTarget "GypChatUITests" */;
			buildPhases = (
				4EFE558F9666DAFEE087D835 /* [CP] Check Pods Manifest.lock */,
				A686715A2608D99200CF31D1 /* Sources */,
				A686715B2608D99200CF31D1 /* Frameworks */,
				A686715C2608D99200CF31D1 /* Resources */,
				B74B1C05EE36A80F4DB4E572 /* [CP] Embed Pods Frameworks */,
			);
			buildRules = (
			);
			dependencies = (
				A68671602608D99200CF31D1 /* PBXTargetDependency */,
			);
			name = GypChatUITests;
			productName = GypChatUITests;
			productReference = A686715E2608D99200CF31D1 /* GypChatUITests.xctest */;
			productType = "com.apple.product-type.bundle.ui-testing";
		};
/* End PBXNativeTarget section */

/* Begin PBXProject section */
		A686713A2608D98900CF31D1 /* Project object */ = {
			isa = PBXProject;
			attributes = {
				LastSwiftUpdateCheck = 1230;
				LastUpgradeCheck = 1230;
				TargetAttributes = {
					A68671412608D98A00CF31D1 = {
						CreatedOnToolsVersion = 12.3;
					};
					A68671522608D99100CF31D1 = {
						CreatedOnToolsVersion = 12.3;
						LastSwiftMigration = 1230;
						TestTargetID = A68671412608D98A00CF31D1;
					};
					A686715D2608D99200CF31D1 = {
						CreatedOnToolsVersion = 12.3;
						TestTargetID = A68671412608D98A00CF31D1;
					};
				};
			};
			buildConfigurationList = A686713D2608D98900CF31D1 /* Build configuration list for PBXProject "GypChat" */;
			compatibilityVersion = "Xcode 9.3";
			developmentRegion = en;
			hasScannedForEncodings = 0;
			knownRegions = (
				en,
				Base,
			);
			mainGroup = A68671392608D98900CF31D1;
			productRefGroup = A68671432608D98A00CF31D1 /* Products */;
			projectDirPath = "";
			projectRoot = "";
			targets = (
				A68671412608D98A00CF31D1 /* GypChat */,
				A68671522608D99100CF31D1 /* GypChatTests */,
				A686715D2608D99200CF31D1 /* GypChatUITests */,
			);
		};
/* End PBXProject section */

/* Begin PBXResourcesBuildPhase section */
		A68671402608D98A00CF31D1 /* Resources */ = {
			isa = PBXResourcesBuildPhase;
			buildActionMask = 2147483647;
			files = (
				A686714D2608D99100CF31D1 /* Preview Assets.xcassets in Resources */,
				A68671742608DA0300CF31D1 /* GoogleService-Info.plist in Resources */,
				A686714A2608D99100CF31D1 /* Assets.xcassets in Resources */,
			);
			runOnlyForDeploymentPostprocessing = 0;
		};
		A68671512608D99100CF31D1 /* Resources */ = {
			isa = PBXResourcesBuildPhase;
			buildActionMask = 2147483647;
			files = (
			);
			runOnlyForDeploymentPostprocessing = 0;
		};
		A686715C2608D99200CF31D1 /* Resources */ = {
			isa = PBXResourcesBuildPhase;
			buildActionMask = 2147483647;
			files = (
			);
			runOnlyForDeploymentPostprocessing = 0;
		};
/* End PBXResourcesBuildPhase section */

/* Begin PBXShellScriptBuildPhase section */
		4EFE558F9666DAFEE087D835 /* [CP] Check Pods Manifest.lock */ = {
			isa = PBXShellScriptBuildPhase;
			buildActionMask = 2147483647;
			files = (
			);
			inputFileListPaths = (
			);
			inputPaths = (
				"${PODS_PODFILE_DIR_PATH}/Podfile.lock",
				"${PODS_ROOT}/Manifest.lock",
			);
			name = "[CP] Check Pods Manifest.lock";
			outputFileListPaths = (
			);
			outputPaths = (
				"$(DERIVED_FILE_DIR)/Pods-GypChat-GypChatUITests-checkManifestLockResult.txt",
			);
			runOnlyForDeploymentPostprocessing = 0;
			shellPath = /bin/sh;
			shellScript = "diff \"${PODS_PODFILE_DIR_PATH}/Podfile.lock\" \"${PODS_ROOT}/Manifest.lock\" > /dev/null\nif [ $? != 0 ] ; then\n    # print error to STDERR\n    echo \"error: The sandbox is not in sync with the Podfile.lock. Run 'pod install' or update your CocoaPods installation.\" >&2\n    exit 1\nfi\n# This output is used by Xcode 'outputs' to avoid re-running this script phase.\necho \"SUCCESS\" > \"${SCRIPT_OUTPUT_FILE_0}\"\n";
			showEnvVarsInLog = 0;
		};
		686D0F9782A27CF2F63BC980 /* [CP] Check Pods Manifest.lock */ = {
			isa = PBXShellScriptBuildPhase;
			buildActionMask = 2147483647;
			files = (
			);
			inputFileListPaths = (
			);
			inputPaths = (
				"${PODS_PODFILE_DIR_PATH}/Podfile.lock",
				"${PODS_ROOT}/Manifest.lock",
			);
			name = "[CP] Check Pods Manifest.lock";
			outputFileListPaths = (
			);
			outputPaths = (
				"$(DERIVED_FILE_DIR)/Pods-GypChat-checkManifestLockResult.txt",
			);
			runOnlyForDeploymentPostprocessing = 0;
			shellPath = /bin/sh;
			shellScript = "diff \"${PODS_PODFILE_DIR_PATH}/Podfile.lock\" \"${PODS_ROOT}/Manifest.lock\" > /dev/null\nif [ $? != 0 ] ; then\n    # print error to STDERR\n    echo \"error: The sandbox is not in sync with the Podfile.lock. Run 'pod install' or update your CocoaPods installation.\" >&2\n    exit 1\nfi\n# This output is used by Xcode 'outputs' to avoid re-running this script phase.\necho \"SUCCESS\" > \"${SCRIPT_OUTPUT_FILE_0}\"\n";
			showEnvVarsInLog = 0;
		};
		79CA0C859887F24638046372 /* [CP] Embed Pods Frameworks */ = {
			isa = PBXShellScriptBuildPhase;
			buildActionMask = 2147483647;
			files = (
			);
			inputFileListPaths = (
				"${PODS_ROOT}/Target Support Files/Pods-GypChat/Pods-GypChat-frameworks-${CONFIGURATION}-input-files.xcfilelist",
			);
			name = "[CP] Embed Pods Frameworks";
			outputFileListPaths = (
				"${PODS_ROOT}/Target Support Files/Pods-GypChat/Pods-GypChat-frameworks-${CONFIGURATION}-output-files.xcfilelist",
			);
			runOnlyForDeploymentPostprocessing = 0;
			shellPath = /bin/sh;
			shellScript = "\"${PODS_ROOT}/Target Support Files/Pods-GypChat/Pods-GypChat-frameworks.sh\"\n";
			showEnvVarsInLog = 0;
		};
		B74B1C05EE36A80F4DB4E572 /* [CP] Embed Pods Frameworks */ = {
			isa = PBXShellScriptBuildPhase;
			buildActionMask = 2147483647;
			files = (
			);
			inputFileListPaths = (
				"${PODS_ROOT}/Target Support Files/Pods-GypChat-GypChatUITests/Pods-GypChat-GypChatUITests-frameworks-${CONFIGURATION}-input-files.xcfilelist",
			);
			name = "[CP] Embed Pods Frameworks";
			outputFileListPaths = (
				"${PODS_ROOT}/Target Support Files/Pods-GypChat-GypChatUITests/Pods-GypChat-GypChatUITests-frameworks-${CONFIGURATION}-output-files.xcfilelist",
			);
			runOnlyForDeploymentPostprocessing = 0;
			shellPath = /bin/sh;
			shellScript = "\"${PODS_ROOT}/Target Support Files/Pods-GypChat-GypChatUITests/Pods-GypChat-GypChatUITests-frameworks.sh\"\n";
			showEnvVarsInLog = 0;
		};
		E5E5B66B56629B2E350564C5 /* [CP] Check Pods Manifest.lock */ = {
			isa = PBXShellScriptBuildPhase;
			buildActionMask = 2147483647;
			files = (
			);
			inputFileListPaths = (
			);
			inputPaths = (
				"${PODS_PODFILE_DIR_PATH}/Podfile.lock",
				"${PODS_ROOT}/Manifest.lock",
			);
			name = "[CP] Check Pods Manifest.lock";
			outputFileListPaths = (
			);
			outputPaths = (
				"$(DERIVED_FILE_DIR)/Pods-GypChatTests-checkManifestLockResult.txt",
			);
			runOnlyForDeploymentPostprocessing = 0;
			shellPath = /bin/sh;
			shellScript = "diff \"${PODS_PODFILE_DIR_PATH}/Podfile.lock\" \"${PODS_ROOT}/Manifest.lock\" > /dev/null\nif [ $? != 0 ] ; then\n    # print error to STDERR\n    echo \"error: The sandbox is not in sync with the Podfile.lock. Run 'pod install' or update your CocoaPods installation.\" >&2\n    exit 1\nfi\n# This output is used by Xcode 'outputs' to avoid re-running this script phase.\necho \"SUCCESS\" > \"${SCRIPT_OUTPUT_FILE_0}\"\n";
			showEnvVarsInLog = 0;
		};
/* End PBXShellScriptBuildPhase section */

/* Begin PBXSourcesBuildPhase section */
		A686713E2608D98A00CF31D1 /* Sources */ = {
			isa = PBXSourcesBuildPhase;
			buildActionMask = 2147483647;
			files = (
				A68671962608DCA400CF31D1 /* AppDelegate.swift in Sources */,
				A6E128C8260B16CA00B26760 /* MainProfileView.swift in Sources */,
				A6E128BE260AF50F00B26760 /* MainProfileViewModel.swift in Sources */,
				A6E12898260A31FF00B26760 /* LoginRegisterView.swift in Sources */,
				A6E1288F260A316F00B26760 /* ViewModelMockable.swift in Sources */,
				A686725A2609AA7100CF31D1 /* LoginRegisterViewModel.swift in Sources */,
				A68671482608D98A00CF31D1 /* ContentView.swift in Sources */,
				A68671462608D98A00CF31D1 /* GypChatApp.swift in Sources */,
			);
			runOnlyForDeploymentPostprocessing = 0;
		};
		A686714F2608D99100CF31D1 /* Sources */ = {
			isa = PBXSourcesBuildPhase;
			buildActionMask = 2147483647;
			files = (
				A68672642609BC3300CF31D1 /* LoginRegisterViewModelTests.swift in Sources */,
				A6E128C3260B006200B26760 /* MainProfileViewModelTests.swift in Sources */,
			);
			runOnlyForDeploymentPostprocessing = 0;
		};
		A686715A2608D99200CF31D1 /* Sources */ = {
			isa = PBXSourcesBuildPhase;
			buildActionMask = 2147483647;
			files = (
				A68671632608D99200CF31D1 /* GypChatUITests.swift in Sources */,
			);
			runOnlyForDeploymentPostprocessing = 0;
		};
/* End PBXSourcesBuildPhase section */

/* Begin PBXTargetDependency section */
		A68671552608D99100CF31D1 /* PBXTargetDependency */ = {
			isa = PBXTargetDependency;
			target = A68671412608D98A00CF31D1 /* GypChat */;
			targetProxy = A68671542608D99100CF31D1 /* PBXContainerItemProxy */;
		};
		A68671602608D99200CF31D1 /* PBXTargetDependency */ = {
			isa = PBXTargetDependency;
			target = A68671412608D98A00CF31D1 /* GypChat */;
			targetProxy = A686715F2608D99200CF31D1 /* PBXContainerItemProxy */;
		};
/* End PBXTargetDependency section */

/* Begin XCBuildConfiguration section */
		A68671652608D99200CF31D1 /* Debug */ = {
			isa = XCBuildConfiguration;
			buildSettings = {
				ALWAYS_SEARCH_USER_PATHS = NO;
				CLANG_ANALYZER_NONNULL = YES;
				CLANG_ANALYZER_NUMBER_OBJECT_CONVERSION = YES_AGGRESSIVE;
				CLANG_CXX_LANGUAGE_STANDARD = "gnu++14";
				CLANG_CXX_LIBRARY = "libc++";
				CLANG_ENABLE_MODULES = YES;
				CLANG_ENABLE_OBJC_ARC = YES;
				CLANG_ENABLE_OBJC_WEAK = YES;
				CLANG_WARN_BLOCK_CAPTURE_AUTORELEASING = YES;
				CLANG_WARN_BOOL_CONVERSION = YES;
				CLANG_WARN_COMMA = YES;
				CLANG_WARN_CONSTANT_CONVERSION = YES;
				CLANG_WARN_DEPRECATED_OBJC_IMPLEMENTATIONS = YES;
				CLANG_WARN_DIRECT_OBJC_ISA_USAGE = YES_ERROR;
				CLANG_WARN_DOCUMENTATION_COMMENTS = YES;
				CLANG_WARN_EMPTY_BODY = YES;
				CLANG_WARN_ENUM_CONVERSION = YES;
				CLANG_WARN_INFINITE_RECURSION = YES;
				CLANG_WARN_INT_CONVERSION = YES;
				CLANG_WARN_NON_LITERAL_NULL_CONVERSION = YES;
				CLANG_WARN_OBJC_IMPLICIT_RETAIN_SELF = YES;
				CLANG_WARN_OBJC_LITERAL_CONVERSION = YES;
				CLANG_WARN_OBJC_ROOT_CLASS = YES_ERROR;
				CLANG_WARN_QUOTED_INCLUDE_IN_FRAMEWORK_HEADER = YES;
				CLANG_WARN_RANGE_LOOP_ANALYSIS = YES;
				CLANG_WARN_STRICT_PROTOTYPES = YES;
				CLANG_WARN_SUSPICIOUS_MOVE = YES;
				CLANG_WARN_UNGUARDED_AVAILABILITY = YES_AGGRESSIVE;
				CLANG_WARN_UNREACHABLE_CODE = YES;
				CLANG_WARN__DUPLICATE_METHOD_MATCH = YES;
				COPY_PHASE_STRIP = NO;
				DEBUG_INFORMATION_FORMAT = dwarf;
				ENABLE_STRICT_OBJC_MSGSEND = YES;
				ENABLE_TESTABILITY = YES;
				GCC_C_LANGUAGE_STANDARD = gnu11;
				GCC_DYNAMIC_NO_PIC = NO;
				GCC_NO_COMMON_BLOCKS = YES;
				GCC_OPTIMIZATION_LEVEL = 0;
				GCC_PREPROCESSOR_DEFINITIONS = (
					"DEBUG=1",
					"$(inherited)",
				);
				GCC_WARN_64_TO_32_BIT_CONVERSION = YES;
				GCC_WARN_ABOUT_RETURN_TYPE = YES_ERROR;
				GCC_WARN_UNDECLARED_SELECTOR = YES;
				GCC_WARN_UNINITIALIZED_AUTOS = YES_AGGRESSIVE;
				GCC_WARN_UNUSED_FUNCTION = YES;
				GCC_WARN_UNUSED_VARIABLE = YES;
				IPHONEOS_DEPLOYMENT_TARGET = 14.3;
				MTL_ENABLE_DEBUG_INFO = INCLUDE_SOURCE;
				MTL_FAST_MATH = YES;
				ONLY_ACTIVE_ARCH = YES;
				SDKROOT = iphoneos;
				SWIFT_ACTIVE_COMPILATION_CONDITIONS = DEBUG;
				SWIFT_OPTIMIZATION_LEVEL = "-Onone";
			};
			name = Debug;
		};
		A68671662608D99200CF31D1 /* Release */ = {
			isa = XCBuildConfiguration;
			buildSettings = {
				ALWAYS_SEARCH_USER_PATHS = NO;
				CLANG_ANALYZER_NONNULL = YES;
				CLANG_ANALYZER_NUMBER_OBJECT_CONVERSION = YES_AGGRESSIVE;
				CLANG_CXX_LANGUAGE_STANDARD = "gnu++14";
				CLANG_CXX_LIBRARY = "libc++";
				CLANG_ENABLE_MODULES = YES;
				CLANG_ENABLE_OBJC_ARC = YES;
				CLANG_ENABLE_OBJC_WEAK = YES;
				CLANG_WARN_BLOCK_CAPTURE_AUTORELEASING = YES;
				CLANG_WARN_BOOL_CONVERSION = YES;
				CLANG_WARN_COMMA = YES;
				CLANG_WARN_CONSTANT_CONVERSION = YES;
				CLANG_WARN_DEPRECATED_OBJC_IMPLEMENTATIONS = YES;
				CLANG_WARN_DIRECT_OBJC_ISA_USAGE = YES_ERROR;
				CLANG_WARN_DOCUMENTATION_COMMENTS = YES;
				CLANG_WARN_EMPTY_BODY = YES;
				CLANG_WARN_ENUM_CONVERSION = YES;
				CLANG_WARN_INFINITE_RECURSION = YES;
				CLANG_WARN_INT_CONVERSION = YES;
				CLANG_WARN_NON_LITERAL_NULL_CONVERSION = YES;
				CLANG_WARN_OBJC_IMPLICIT_RETAIN_SELF = YES;
				CLANG_WARN_OBJC_LITERAL_CONVERSION = YES;
				CLANG_WARN_OBJC_ROOT_CLASS = YES_ERROR;
				CLANG_WARN_QUOTED_INCLUDE_IN_FRAMEWORK_HEADER = YES;
				CLANG_WARN_RANGE_LOOP_ANALYSIS = YES;
				CLANG_WARN_STRICT_PROTOTYPES = YES;
				CLANG_WARN_SUSPICIOUS_MOVE = YES;
				CLANG_WARN_UNGUARDED_AVAILABILITY = YES_AGGRESSIVE;
				CLANG_WARN_UNREACHABLE_CODE = YES;
				CLANG_WARN__DUPLICATE_METHOD_MATCH = YES;
				COPY_PHASE_STRIP = NO;
				DEBUG_INFORMATION_FORMAT = "dwarf-with-dsym";
				ENABLE_NS_ASSERTIONS = NO;
				ENABLE_STRICT_OBJC_MSGSEND = YES;
				GCC_C_LANGUAGE_STANDARD = gnu11;
				GCC_NO_COMMON_BLOCKS = YES;
				GCC_WARN_64_TO_32_BIT_CONVERSION = YES;
				GCC_WARN_ABOUT_RETURN_TYPE = YES_ERROR;
				GCC_WARN_UNDECLARED_SELECTOR = YES;
				GCC_WARN_UNINITIALIZED_AUTOS = YES_AGGRESSIVE;
				GCC_WARN_UNUSED_FUNCTION = YES;
				GCC_WARN_UNUSED_VARIABLE = YES;
				IPHONEOS_DEPLOYMENT_TARGET = 14.3;
				MTL_ENABLE_DEBUG_INFO = NO;
				MTL_FAST_MATH = YES;
				SDKROOT = iphoneos;
				SWIFT_COMPILATION_MODE = wholemodule;
				SWIFT_OPTIMIZATION_LEVEL = "-O";
				VALIDATE_PRODUCT = YES;
			};
			name = Release;
		};
		A68671682608D99200CF31D1 /* Debug */ = {
			isa = XCBuildConfiguration;
			baseConfigurationReference = D89752DC5453C0D3C5D274B8 /* Pods-GypChat.debug.xcconfig */;
			buildSettings = {
				ASSETCATALOG_COMPILER_APPICON_NAME = AppIcon;
				ASSETCATALOG_COMPILER_GLOBAL_ACCENT_COLOR_NAME = AccentColor;
				CODE_SIGN_STYLE = Automatic;
				DEVELOPMENT_ASSET_PATHS = "\"GypChat/Preview Content\"";
				DEVELOPMENT_TEAM = 59QA58DD23;
				ENABLE_PREVIEWS = YES;
				INFOPLIST_FILE = GypChat/Info.plist;
				IPHONEOS_DEPLOYMENT_TARGET = 14.0;
				LD_RUNPATH_SEARCH_PATHS = (
					"$(inherited)",
					"@executable_path/Frameworks",
				);
				PRODUCT_BUNDLE_IDENTIFIER = yupenggu.GypChat;
				PRODUCT_NAME = "$(TARGET_NAME)";
				SWIFT_VERSION = 5.0;
				TARGETED_DEVICE_FAMILY = "1,2";
			};
			name = Debug;
		};
		A68671692608D99200CF31D1 /* Release */ = {
			isa = XCBuildConfiguration;
			baseConfigurationReference = 253300867BC80B7A5FB9EC5C /* Pods-GypChat.release.xcconfig */;
			buildSettings = {
				ASSETCATALOG_COMPILER_APPICON_NAME = AppIcon;
				ASSETCATALOG_COMPILER_GLOBAL_ACCENT_COLOR_NAME = AccentColor;
				CODE_SIGN_STYLE = Automatic;
				DEVELOPMENT_ASSET_PATHS = "\"GypChat/Preview Content\"";
				DEVELOPMENT_TEAM = 59QA58DD23;
				ENABLE_PREVIEWS = YES;
				INFOPLIST_FILE = GypChat/Info.plist;
				IPHONEOS_DEPLOYMENT_TARGET = 14.0;
				LD_RUNPATH_SEARCH_PATHS = (
					"$(inherited)",
					"@executable_path/Frameworks",
				);
				PRODUCT_BUNDLE_IDENTIFIER = yupenggu.GypChat;
				PRODUCT_NAME = "$(TARGET_NAME)";
				SWIFT_VERSION = 5.0;
				TARGETED_DEVICE_FAMILY = "1,2";
			};
			name = Release;
		};
		A686716B2608D99200CF31D1 /* Debug */ = {
			isa = XCBuildConfiguration;
			baseConfigurationReference = 9CC4713F606DDA9D8849CE4A /* Pods-GypChatTests.debug.xcconfig */;
			buildSettings = {
				ALWAYS_EMBED_SWIFT_STANDARD_LIBRARIES = YES;
				BUNDLE_LOADER = "$(TEST_HOST)";
				CLANG_ENABLE_MODULES = YES;
				CODE_SIGN_STYLE = Automatic;
				DEVELOPMENT_TEAM = 59QA58DD23;
				INFOPLIST_FILE = GypChatTests/Info.plist;
				IPHONEOS_DEPLOYMENT_TARGET = 14.0;
				LD_RUNPATH_SEARCH_PATHS = (
					"$(inherited)",
					"@executable_path/Frameworks",
					"@loader_path/Frameworks",
				);
				PRODUCT_BUNDLE_IDENTIFIER = yupenggu.GypChatTests;
				PRODUCT_NAME = "$(TARGET_NAME)";
				SWIFT_INSTALL_OBJC_HEADER = NO;
				SWIFT_OBJC_BRIDGING_HEADER = "";
				SWIFT_OPTIMIZATION_LEVEL = "-Onone";
				SWIFT_VERSION = 5.0;
				TARGETED_DEVICE_FAMILY = "1,2";
				TEST_HOST = "$(BUILT_PRODUCTS_DIR)/GypChat.app/GypChat";
			};
			name = Debug;
		};
		A686716C2608D99200CF31D1 /* Release */ = {
			isa = XCBuildConfiguration;
			baseConfigurationReference = 9184F91A2F2B3D3B94B0A014 /* Pods-GypChatTests.release.xcconfig */;
			buildSettings = {
				ALWAYS_EMBED_SWIFT_STANDARD_LIBRARIES = YES;
				BUNDLE_LOADER = "$(TEST_HOST)";
				CLANG_ENABLE_MODULES = YES;
				CODE_SIGN_STYLE = Automatic;
				DEVELOPMENT_TEAM = 59QA58DD23;
				INFOPLIST_FILE = GypChatTests/Info.plist;
				IPHONEOS_DEPLOYMENT_TARGET = 14.0;
				LD_RUNPATH_SEARCH_PATHS = (
					"$(inherited)",
					"@executable_path/Frameworks",
					"@loader_path/Frameworks",
				);
				PRODUCT_BUNDLE_IDENTIFIER = yupenggu.GypChatTests;
				PRODUCT_NAME = "$(TARGET_NAME)";
				SWIFT_INSTALL_OBJC_HEADER = NO;
				SWIFT_OBJC_BRIDGING_HEADER = "";
				SWIFT_VERSION = 5.0;
				TARGETED_DEVICE_FAMILY = "1,2";
				TEST_HOST = "$(BUILT_PRODUCTS_DIR)/GypChat.app/GypChat";
			};
			name = Release;
		};
		A686716E2608D99200CF31D1 /* Debug */ = {
			isa = XCBuildConfiguration;
			baseConfigurationReference = F06719A7EFF5044AF084ADBD /* Pods-GypChat-GypChatUITests.debug.xcconfig */;
			buildSettings = {
				ALWAYS_EMBED_SWIFT_STANDARD_LIBRARIES = YES;
				CODE_SIGN_STYLE = Automatic;
				DEVELOPMENT_TEAM = 59QA58DD23;
				INFOPLIST_FILE = GypChatUITests/Info.plist;
				LD_RUNPATH_SEARCH_PATHS = (
					"$(inherited)",
					"@executable_path/Frameworks",
					"@loader_path/Frameworks",
				);
				PRODUCT_BUNDLE_IDENTIFIER = yupenggu.GypChatUITests;
				PRODUCT_NAME = "$(TARGET_NAME)";
				SWIFT_INSTALL_OBJC_HEADER = NO;
				SWIFT_OBJC_BRIDGING_HEADER = "";
				SWIFT_VERSION = 5.0;
				TARGETED_DEVICE_FAMILY = "1,2";
				TEST_TARGET_NAME = GypChat;
			};
			name = Debug;
		};
		A686716F2608D99200CF31D1 /* Release */ = {
			isa = XCBuildConfiguration;
			baseConfigurationReference = 5C718A0F1B5E4DD558FFA4FD /* Pods-GypChat-GypChatUITests.release.xcconfig */;
			buildSettings = {
				ALWAYS_EMBED_SWIFT_STANDARD_LIBRARIES = YES;
				CODE_SIGN_STYLE = Automatic;
				DEVELOPMENT_TEAM = 59QA58DD23;
				INFOPLIST_FILE = GypChatUITests/Info.plist;
				LD_RUNPATH_SEARCH_PATHS = (
					"$(inherited)",
					"@executable_path/Frameworks",
					"@loader_path/Frameworks",
				);
				PRODUCT_BUNDLE_IDENTIFIER = yupenggu.GypChatUITests;
				PRODUCT_NAME = "$(TARGET_NAME)";
				SWIFT_INSTALL_OBJC_HEADER = NO;
				SWIFT_OBJC_BRIDGING_HEADER = "";
				SWIFT_VERSION = 5.0;
				TARGETED_DEVICE_FAMILY = "1,2";
				TEST_TARGET_NAME = GypChat;
			};
			name = Release;
		};
/* End XCBuildConfiguration section */

/* Begin XCConfigurationList section */
		A686713D2608D98900CF31D1 /* Build configuration list for PBXProject "GypChat" */ = {
			isa = XCConfigurationList;
			buildConfigurations = (
				A68671652608D99200CF31D1 /* Debug */,
				A68671662608D99200CF31D1 /* Release */,
			);
			defaultConfigurationIsVisible = 0;
			defaultConfigurationName = Release;
		};
		A68671672608D99200CF31D1 /* Build configuration list for PBXNativeTarget "GypChat" */ = {
			isa = XCConfigurationList;
			buildConfigurations = (
				A68671682608D99200CF31D1 /* Debug */,
				A68671692608D99200CF31D1 /* Release */,
			);
			defaultConfigurationIsVisible = 0;
			defaultConfigurationName = Release;
		};
		A686716A2608D99200CF31D1 /* Build configuration list for PBXNativeTarget "GypChatTests" */ = {
			isa = XCConfigurationList;
			buildConfigurations = (
				A686716B2608D99200CF31D1 /* Debug */,
				A686716C2608D99200CF31D1 /* Release */,
			);
			defaultConfigurationIsVisible = 0;
			defaultConfigurationName = Release;
		};
		A686716D2608D99200CF31D1 /* Build configuration list for PBXNativeTarget "GypChatUITests" */ = {
			isa = XCConfigurationList;
			buildConfigurations = (
				A686716E2608D99200CF31D1 /* Debug */,
				A686716F2608D99200CF31D1 /* Release */,
			);
			defaultConfigurationIsVisible = 0;
			defaultConfigurationName = Release;
		};
/* End XCConfigurationList section */
	};
	rootObject = A686713A2608D98900CF31D1 /* Project object */;
}
